
Microsoft Visual Studio Solution File, Format Version 12.00
# Visual Studio Version 16
VisualStudioVersion = 16.0.30611.23
MinimumVisualStudioVersion = 10.0.40219.1
Project("{FAE04EC0-301F-11D3-BF4B-00C04F79EFBC}") = "CustomReadWriteLock", "CustomReadWriteLock\CustomReadWriteLock.csproj", "{B84F64C1-2F51-4F58-8CCF-9DE51FD71554}"
EndProject
Global
	GlobalSection(SolutionConfigurationPlatforms) = preSolution
		Debug|Any CPU = Debug|Any CPU
		Release|Any CPU = Release|Any CPU
	EndGlobalSection
	GlobalSection(ProjectConfigurationPlatforms) = postSolution
		{B84F64C1-2F51-4F58-8CCF-9DE51FD71554}.Debug|Any CPU.ActiveCfg = Debug|Any CPU
		{B84F64C1-2F51-4F58-8CCF-9DE51FD71554}.Debug|Any CPU.Build.0 = Debug|Any CPU
		{B84F64C1-2F51-4F58-8CCF-9DE51FD71554}.Release|Any CPU.ActiveCfg = Release|Any CPU
		{B84F64C1-2F51-4F58-8CCF-9DE51FD71554}.Release|Any CPU.Build.0 = Release|Any CPU
	EndGlobalSection
	GlobalSection(SolutionProperties) = preSolution
		HideSolutionNode = FALSE
	EndGlobalSection
	GlobalSection(ExtensibilityGlobals) = postSolution
		SolutionGuid = {8AB030CE-15F0-4D6F-91D1-3A9D57AF4462}
	EndGlobalSection
EndGlobal
